
Microsoft Visual Studio Solution File, Format Version 12.00
# Visual Studio Version 17
VisualStudioVersion = 17.8.34511.84
MinimumVisualStudioVersion = 10.0.40219.1
Project("{FAE04EC0-301F-11D3-BF4B-00C04F79EFBC}") = "CalcularArea.Android", "CalcularArea\CalcularArea.Android\CalcularArea.Android.csproj", "{E3019AD3-17A5-497C-8EDE-C83611D7CCB8}"
EndProject
Project("{FAE04EC0-301F-11D3-BF4B-00C04F79EFBC}") = "CalcularArea", "CalcularArea\CalcularArea\CalcularArea.csproj", "{E516AEAC-4EEB-4D7C-B0F8-301B6B5B1523}"
EndProject
Global
	GlobalSection(SolutionConfigurationPlatforms) = preSolution
		Debug|Any CPU = Debug|Any CPU
		Release|Any CPU = Release|Any CPU
	EndGlobalSection
	GlobalSection(ProjectConfigurationPlatforms) = postSolution
		{E3019AD3-17A5-497C-8EDE-C83611D7CCB8}.Debug|Any CPU.ActiveCfg = Debug|Any CPU
		{E3019AD3-17A5-497C-8EDE-C83611D7CCB8}.Debug|Any CPU.Build.0 = Debug|Any CPU
		{E3019AD3-17A5-497C-8EDE-C83611D7CCB8}.Debug|Any CPU.Deploy.0 = Debug|Any CPU
		{E3019AD3-17A5-497C-8EDE-C83611D7CCB8}.Release|Any CPU.ActiveCfg = Release|Any CPU
		{E3019AD3-17A5-497C-8EDE-C83611D7CCB8}.Release|Any CPU.Build.0 = Release|Any CPU
		{E3019AD3-17A5-497C-8EDE-C83611D7CCB8}.Release|Any CPU.Deploy.0 = Release|Any CPU
		{E516AEAC-4EEB-4D7C-B0F8-301B6B5B1523}.Debug|Any CPU.ActiveCfg = Debug|Any CPU
		{E516AEAC-4EEB-4D7C-B0F8-301B6B5B1523}.Debug|Any CPU.Build.0 = Debug|Any CPU
		{E516AEAC-4EEB-4D7C-B0F8-301B6B5B1523}.Debug|Any CPU.Deploy.0 = Debug|Any CPU
		{E516AEAC-4EEB-4D7C-B0F8-301B6B5B1523}.Release|Any CPU.ActiveCfg = Release|Any CPU
		{E516AEAC-4EEB-4D7C-B0F8-301B6B5B1523}.Release|Any CPU.Build.0 = Release|Any CPU
		{E516AEAC-4EEB-4D7C-B0F8-301B6B5B1523}.Release|Any CPU.Deploy.0 = Release|Any CPU
	EndGlobalSection
	GlobalSection(SolutionProperties) = preSolution
		HideSolutionNode = FALSE
	EndGlobalSection
	GlobalSection(ExtensibilityGlobals) = postSolution
		SolutionGuid = {EA41BB02-3FA0-4FF6-8A3B-90A5987E729A}
	EndGlobalSection
EndGlobal
